{
  "name": "memos-with-project-management",
  "version": "0.26.0",
  "lockfileVersion": 3,
  "requires": true,
  "packages": {
    "": {
      "name": "memos-with-project-management",
      "version": "0.26.0",
      "engines": {
        "node": ">=18.0.0",
        "pnpm": ">=8.0.0"
      }
    }
  }
}
